
Microsoft Visual Studio Solution File, Format Version 12.00
# Visual Studio 15
VisualStudioVersion = 15.0.26430.13
MinimumVisualStudioVersion = 10.0.40219.1
Project("{FAE04EC0-301F-11D3-BF4B-00C04F79EFBC}") = "Finances.Cmd", "Finances.Cmd\Finances.Cmd.csproj", "{61E8FFA2-4147-43EF-80BF-78A12B5BE504}"
EndProject
Project("{FAE04EC0-301F-11D3-BF4B-00C04F79EFBC}") = "Finances.Core", "Finances.Core\Finances.Core.csproj", "{57B09CE5-38E7-4106-9400-48A75F82A173}"
EndProject
Global
	GlobalSection(SolutionConfigurationPlatforms) = preSolution
		Debug|Any CPU = Debug|Any CPU
		Release|Any CPU = Release|Any CPU
	EndGlobalSection
	GlobalSection(ProjectConfigurationPlatforms) = postSolution
		{61E8FFA2-4147-43EF-80BF-78A12B5BE504}.Debug|Any CPU.ActiveCfg = Debug|Any CPU
		{61E8FFA2-4147-43EF-80BF-78A12B5BE504}.Debug|Any CPU.Build.0 = Debug|Any CPU
		{61E8FFA2-4147-43EF-80BF-78A12B5BE504}.Release|Any CPU.ActiveCfg = Release|Any CPU
		{61E8FFA2-4147-43EF-80BF-78A12B5BE504}.Release|Any CPU.Build.0 = Release|Any CPU
		{57B09CE5-38E7-4106-9400-48A75F82A173}.Debug|Any CPU.ActiveCfg = Debug|Any CPU
		{57B09CE5-38E7-4106-9400-48A75F82A173}.Debug|Any CPU.Build.0 = Debug|Any CPU
		{57B09CE5-38E7-4106-9400-48A75F82A173}.Release|Any CPU.ActiveCfg = Release|Any CPU
		{57B09CE5-38E7-4106-9400-48A75F82A173}.Release|Any CPU.Build.0 = Release|Any CPU
	EndGlobalSection
	GlobalSection(SolutionProperties) = preSolution
		HideSolutionNode = FALSE
	EndGlobalSection
EndGlobal
